
Microsoft Visual Studio Solution File, Format Version 12.00
# Visual Studio Version 16
VisualStudioVersion = 16.0.30611.23
MinimumVisualStudioVersion = 10.0.40219.1
Project("{FAE04EC0-301F-11D3-BF4B-00C04F79EFBC}") = "HelloServiceHost", "..\HelloServiceHost\HelloServiceHost.csproj", "{6622F335-B797-42C9-B3B8-DDC9CE0D2148}"
EndProject
Project("{FAE04EC0-301F-11D3-BF4B-00C04F79EFBC}") = "HelloService", "HelloService.csproj", "{EBFF5FAE-0406-4134-9E5F-79A1F5D9B6A2}"
EndProject
Global
	GlobalSection(SolutionConfigurationPlatforms) = preSolution
		Debug|Any CPU = Debug|Any CPU
		Release|Any CPU = Release|Any CPU
	EndGlobalSection
	GlobalSection(ProjectConfigurationPlatforms) = postSolution
		{6622F335-B797-42C9-B3B8-DDC9CE0D2148}.Debug|Any CPU.ActiveCfg = Debug|Any CPU
		{6622F335-B797-42C9-B3B8-DDC9CE0D2148}.Debug|Any CPU.Build.0 = Debug|Any CPU
		{6622F335-B797-42C9-B3B8-DDC9CE0D2148}.Release|Any CPU.ActiveCfg = Release|Any CPU
		{6622F335-B797-42C9-B3B8-DDC9CE0D2148}.Release|Any CPU.Build.0 = Release|Any CPU
		{EBFF5FAE-0406-4134-9E5F-79A1F5D9B6A2}.Debug|Any CPU.ActiveCfg = Debug|Any CPU
		{EBFF5FAE-0406-4134-9E5F-79A1F5D9B6A2}.Debug|Any CPU.Build.0 = Debug|Any CPU
		{EBFF5FAE-0406-4134-9E5F-79A1F5D9B6A2}.Release|Any CPU.ActiveCfg = Release|Any CPU
		{EBFF5FAE-0406-4134-9E5F-79A1F5D9B6A2}.Release|Any CPU.Build.0 = Release|Any CPU
	EndGlobalSection
	GlobalSection(SolutionProperties) = preSolution
		HideSolutionNode = FALSE
	EndGlobalSection
	GlobalSection(ExtensibilityGlobals) = postSolution
		SolutionGuid = {B072B86A-2D30-4E97-9952-B069B3208741}
	EndGlobalSection
EndGlobal
