
Microsoft Visual Studio Solution File, Format Version 12.00
# Visual Studio Version 16
VisualStudioVersion = 16.0.30611.23
MinimumVisualStudioVersion = 10.0.40219.1
Project("{FAE04EC0-301F-11D3-BF4B-00C04F79EFBC}") = "CompanyService", "CompanyService.csproj", "{2200961D-30A7-4243-BD30-13AA21B4169C}"
EndProject
Global
	GlobalSection(SolutionConfigurationPlatforms) = preSolution
		Debug|Any CPU = Debug|Any CPU
		Release|Any CPU = Release|Any CPU
	EndGlobalSection
	GlobalSection(ProjectConfigurationPlatforms) = postSolution
		{2200961D-30A7-4243-BD30-13AA21B4169C}.Debug|Any CPU.ActiveCfg = Debug|Any CPU
		{2200961D-30A7-4243-BD30-13AA21B4169C}.Debug|Any CPU.Build.0 = Debug|Any CPU
		{2200961D-30A7-4243-BD30-13AA21B4169C}.Release|Any CPU.ActiveCfg = Release|Any CPU
		{2200961D-30A7-4243-BD30-13AA21B4169C}.Release|Any CPU.Build.0 = Release|Any CPU
	EndGlobalSection
	GlobalSection(SolutionProperties) = preSolution
		HideSolutionNode = FALSE
	EndGlobalSection
	GlobalSection(ExtensibilityGlobals) = postSolution
		SolutionGuid = {CCBC09E5-9220-4767-89C0-94B6175AFC49}
	EndGlobalSection
EndGlobal
