
Microsoft Visual Studio Solution File, Format Version 12.00
# Visual Studio Version 16
VisualStudioVersion = 16.0.30611.23
MinimumVisualStudioVersion = 10.0.40219.1
Project("{FAE04EC0-301F-11D3-BF4B-00C04F79EFBC}") = "CompanyClient", "CompanyClient.csproj", "{1FDE8003-08ED-429B-8CE5-9DBCD1BA1292}"
EndProject
Global
	GlobalSection(SolutionConfigurationPlatforms) = preSolution
		Debug|Any CPU = Debug|Any CPU
		Release|Any CPU = Release|Any CPU
	EndGlobalSection
	GlobalSection(ProjectConfigurationPlatforms) = postSolution
		{1FDE8003-08ED-429B-8CE5-9DBCD1BA1292}.Debug|Any CPU.ActiveCfg = Debug|Any CPU
		{1FDE8003-08ED-429B-8CE5-9DBCD1BA1292}.Debug|Any CPU.Build.0 = Debug|Any CPU
		{1FDE8003-08ED-429B-8CE5-9DBCD1BA1292}.Release|Any CPU.ActiveCfg = Release|Any CPU
		{1FDE8003-08ED-429B-8CE5-9DBCD1BA1292}.Release|Any CPU.Build.0 = Release|Any CPU
	EndGlobalSection
	GlobalSection(SolutionProperties) = preSolution
		HideSolutionNode = FALSE
	EndGlobalSection
	GlobalSection(ExtensibilityGlobals) = postSolution
		SolutionGuid = {C34A161D-FB9D-4A9C-884A-9545D23C907E}
	EndGlobalSection
EndGlobal
